
Microsoft Visual Studio Solution File, Format Version 12.00
# Visual Studio 15
VisualStudioVersion = 15.0.28307.168
MinimumVisualStudioVersion = 10.0.40219.1
Project("{FAE04EC0-301F-11D3-BF4B-00C04F79EFBC}") = "EJ2Grid", "EJ2Grid\EJ2Grid.csproj", "{6033913F-DB91-47E0-A46D-7BCD9EF75DB9}"
EndProject
Global
	GlobalSection(SolutionConfigurationPlatforms) = preSolution
		Debug|Any CPU = Debug|Any CPU
		Release|Any CPU = Release|Any CPU
	EndGlobalSection
	GlobalSection(ProjectConfigurationPlatforms) = postSolution
		{6033913F-DB91-47E0-A46D-7BCD9EF75DB9}.Debug|Any CPU.ActiveCfg = Debug|Any CPU
		{6033913F-DB91-47E0-A46D-7BCD9EF75DB9}.Debug|Any CPU.Build.0 = Debug|Any CPU
		{6033913F-DB91-47E0-A46D-7BCD9EF75DB9}.Release|Any CPU.ActiveCfg = Release|Any CPU
		{6033913F-DB91-47E0-A46D-7BCD9EF75DB9}.Release|Any CPU.Build.0 = Release|Any CPU
	EndGlobalSection
	GlobalSection(SolutionProperties) = preSolution
		HideSolutionNode = FALSE
	EndGlobalSection
	GlobalSection(ExtensibilityGlobals) = postSolution
		SolutionGuid = {B8EBACB6-6276-48A3-9F43-44E3B9973C3E}
	EndGlobalSection
EndGlobal
